// !$*UTF8*$!
{
	archiveVersion = 1;
	classes = {
	};
	objectVersion = 51;
	objects = {

/* Begin PBXBuildFile section */
		5E7E92983C0E7B943C4337A0 /* Pods_kannada.framework in Frameworks */ = {isa = PBXBuildFile; fileRef = 822DC0901119D8206C1ABA26 /* Pods_kannada.framework */; };
		E0063469244958BE001A728F /* UD.swift in Sources */ = {isa = PBXBuildFile; fileRef = E0063468244958BE001A728F /* UD.swift */; };
		E006346B24495A66001A728F /* APIManager.swift in Sources */ = {isa = PBXBuildFile; fileRef = E006346A24495A66001A728F /* APIManager.swift */; };
		E006346D24495AD0001A728F /* APIList.swift in Sources */ = {isa = PBXBuildFile; fileRef = E006346C24495AD0001A728F /* APIList.swift */; };
		E0063477244A4AE6001A728F /* WebKit.framework in Frameworks */ = {isa = PBXBuildFile; fileRef = E0063476244A4AE6001A728F /* WebKit.framework */; };
		E04FD76E2476956500082D0D /* AuthorTableViewCell.swift in Sources */ = {isa = PBXBuildFile; fileRef = E04FD76C2476956500082D0D /* AuthorTableViewCell.swift */; };
		E04FD76F2476956500082D0D /* AuthorTableViewCell.xib in Resources */ = {isa = PBXBuildFile; fileRef = E04FD76D2476956500082D0D /* AuthorTableViewCell.xib */; };
		E04FD7732476C13500082D0D /* TableViewHeaderCell.swift in Sources */ = {isa = PBXBuildFile; fileRef = E04FD7712476C13500082D0D /* TableViewHeaderCell.swift */; };
		E04FD7742476C13500082D0D /* TableViewHeaderCell.xib in Resources */ = {isa = PBXBuildFile; fileRef = E04FD7722476C13500082D0D /* TableViewHeaderCell.xib */; };
		E04FD782247786EC00082D0D /* Authors.swift in Sources */ = {isa = PBXBuildFile; fileRef = E04FD77E247786EC00082D0D /* Authors.swift */; };
		E04FD783247786EC00082D0D /* Catlist.swift in Sources */ = {isa = PBXBuildFile; fileRef = E04FD77F247786EC00082D0D /* Catlist.swift */; };
		E04FD784247786EC00082D0D /* Books.swift in Sources */ = {isa = PBXBuildFile; fileRef = E04FD780247786EC00082D0D /* Books.swift */; };
		E04FD785247786EC00082D0D /* Bookcatalogue.swift in Sources */ = {isa = PBXBuildFile; fileRef = E04FD781247786EC00082D0D /* Bookcatalogue.swift */; };
		E054853E244B07F70065532E /* HistoryCell.swift in Sources */ = {isa = PBXBuildFile; fileRef = E054853C244B07F70065532E /* HistoryCell.swift */; };
		E054853F244B07F70065532E /* HistoryCell.xib in Resources */ = {isa = PBXBuildFile; fileRef = E054853D244B07F70065532E /* HistoryCell.xib */; };
		E0548541244B39260065532E /* Other.swift in Sources */ = {isa = PBXBuildFile; fileRef = E0548540244B39260065532E /* Other.swift */; };
		E0548543244B46BE0065532E /* MoreDetailsView.swift in Sources */ = {isa = PBXBuildFile; fileRef = E0548542244B46BE0065532E /* MoreDetailsView.swift */; };
		E07CAF09246434AF00FAC819 /* AudioBook.swift in Sources */ = {isa = PBXBuildFile; fileRef = E07CAF08246434AF00FAC819 /* AudioBook.swift */; };
		E08854BE24545FAE00C78C75 /* StoreKit.framework in Frameworks */ = {isa = PBXBuildFile; fileRef = E08854BD24545FAE00C78C75 /* StoreKit.framework */; };
		E08854C02455748600C78C75 /* NewFeedsViewController.swift in Sources */ = {isa = PBXBuildFile; fileRef = E08854BF2455748600C78C75 /* NewFeedsViewController.swift */; };
		E08854C22455793100C78C75 /* SlideMenuController.swift in Sources */ = {isa = PBXBuildFile; fileRef = E08854C12455793100C78C75 /* SlideMenuController.swift */; };
		E08854C52455A5FA00C78C75 /* FeedNewsCell.swift in Sources */ = {isa = PBXBuildFile; fileRef = E08854C32455A5FA00C78C75 /* FeedNewsCell.swift */; };
		E08854C62455A5FA00C78C75 /* FeedNewsCell.xib in Resources */ = {isa = PBXBuildFile; fileRef = E08854C42455A5FA00C78C75 /* FeedNewsCell.xib */; };
		E08854CA2456DF9900C78C75 /* FeedModelViewController.swift in Sources */ = {isa = PBXBuildFile; fileRef = E08854C92456DF9900C78C75 /* FeedModelViewController.swift */; };
		E08854CC245D969700C78C75 /* BookListViewController.swift in Sources */ = {isa = PBXBuildFile; fileRef = E08854CB245D969700C78C75 /* BookListViewController.swift */; };
		E08854D1245D982600C78C75 /* BookListCell.swift in Sources */ = {isa = PBXBuildFile; fileRef = E08854CF245D982600C78C75 /* BookListCell.swift */; };
		E08854D2245D982600C78C75 /* BookListCell.xib in Resources */ = {isa = PBXBuildFile; fileRef = E08854D0245D982600C78C75 /* BookListCell.xib */; };
		E09247B6244DCE17009DE3F2 /* AirshipConfig.plist in Resources */ = {isa = PBXBuildFile; fileRef = E09247B5244DCE16009DE3F2 /* AirshipConfig.plist */; };
		E0A77C5F2460130B00787231 /* AudioBookViewController.swift in Sources */ = {isa = PBXBuildFile; fileRef = E0A77C5E2460130B00787231 /* AudioBookViewController.swift */; };
		E0B0B1D02445CCB300FF986B /* AppDelegate.swift in Sources */ = {isa = PBXBuildFile; fileRef = E0B0B1CF2445CCB300FF986B /* AppDelegate.swift */; };
		E0B0B1D22445CCB300FF986B /* SceneDelegate.swift in Sources */ = {isa = PBXBuildFile; fileRef = E0B0B1D12445CCB300FF986B /* SceneDelegate.swift */; };
		E0B0B1D72445CCB300FF986B /* Main.storyboard in Resources */ = {isa = PBXBuildFile; fileRef = E0B0B1D52445CCB300FF986B /* Main.storyboard */; };
		E0B0B1D92445CCB300FF986B /* Assets.xcassets in Resources */ = {isa = PBXBuildFile; fileRef = E0B0B1D82445CCB300FF986B /* Assets.xcassets */; };
		E0B0B1DC2445CCB400FF986B /* LaunchScreen.storyboard in Resources */ = {isa = PBXBuildFile; fileRef = E0B0B1DA2445CCB300FF986B /* LaunchScreen.storyboard */; };
		E0B0B1E52445CF3700FF986B /* DashBoard.swift in Sources */ = {isa = PBXBuildFile; fileRef = E0B0B1E42445CF3700FF986B /* DashBoard.swift */; };
		E0B0B1E72445D07400FF986B /* OtherListViewController.swift in Sources */ = {isa = PBXBuildFile; fileRef = E0B0B1E62445D07400FF986B /* OtherListViewController.swift */; };
		E0B0B1F42445EC5B00FF986B /* BookReader.swift in Sources */ = {isa = PBXBuildFile; fileRef = E0B0B1F32445EC5B00FF986B /* BookReader.swift */; };
		E0B0B1F72448699100FF986B /* extens.swift in Sources */ = {isa = PBXBuildFile; fileRef = E0B0B1F62448699100FF986B /* extens.swift */; };
		E0B0B1FE2448841B00FF986B /* AuthorCell.swift in Sources */ = {isa = PBXBuildFile; fileRef = E0B0B1FC2448841B00FF986B /* AuthorCell.swift */; };
		E0B0B1FF2448841B00FF986B /* AuthorCell.xib in Resources */ = {isa = PBXBuildFile; fileRef = E0B0B1FD2448841B00FF986B /* AuthorCell.xib */; };
		E0B0B2032448865200FF986B /* AuthorView.swift in Sources */ = {isa = PBXBuildFile; fileRef = E0B0B2022448865200FF986B /* AuthorView.swift */; };
		E0E92A20247BBCB800F633A0 /* ManuIteams.swift in Sources */ = {isa = PBXBuildFile; fileRef = E0E92A1D247BBCB800F633A0 /* ManuIteams.swift */; };
		E0E92A21247BBCB800F633A0 /* Menulist.swift in Sources */ = {isa = PBXBuildFile; fileRef = E0E92A1E247BBCB800F633A0 /* Menulist.swift */; };
		E0E92A22247BBCB800F633A0 /* MenuBase.swift in Sources */ = {isa = PBXBuildFile; fileRef = E0E92A1F247BBCB800F633A0 /* MenuBase.swift */; };
		E0E92A24247D890400F633A0 /* AboutUsViewController.swift in Sources */ = {isa = PBXBuildFile; fileRef = E0E92A23247D890400F633A0 /* AboutUsViewController.swift */; };
		E0F1F70A24542ABB00551BD4 /* MenuViewController.swift in Sources */ = {isa = PBXBuildFile; fileRef = E0F1F70924542ABB00551BD4 /* MenuViewController.swift */; };
		E0F1F70F2454527000551BD4 /* CommonCell.swift in Sources */ = {isa = PBXBuildFile; fileRef = E0F1F70D2454527000551BD4 /* CommonCell.swift */; };
		E0F1F7102454527000551BD4 /* CommonCell.xib in Resources */ = {isa = PBXBuildFile; fileRef = E0F1F70E2454527000551BD4 /* CommonCell.xib */; };
		E0F6282D2461768D00DDA808 /* AudioBookCell.swift in Sources */ = {isa = PBXBuildFile; fileRef = E0F6282B2461768D00DDA808 /* AudioBookCell.swift */; };
		E0F6282E2461768D00DDA808 /* AudioBookCell.xib in Resources */ = {isa = PBXBuildFile; fileRef = E0F6282C2461768D00DDA808 /* AudioBookCell.xib */; };
/* End PBXBuildFile section */

/* Begin PBXFileReference section */
		371B51C06F364FC4EB9D977C /* Pods-kannada.release.xcconfig */ = {isa = PBXFileReference; includeInIndex = 1; lastKnownFileType = text.xcconfig; name = "Pods-kannada.release.xcconfig"; path = "Target Support Files/Pods-kannada/Pods-kannada.release.xcconfig"; sourceTree = "<group>"; };
		822DC0901119D8206C1ABA26 /* Pods_kannada.framework */ = {isa = PBXFileReference; explicitFileType = wrapper.framework; includeInIndex = 0; path = Pods_kannada.framework; sourceTree = BUILT_PRODUCTS_DIR; };
		DCAF85893BC8CE7FE3FA5590 /* Pods-kannada.debug.xcconfig */ = {isa = PBXFileReference; includeInIndex = 1; lastKnownFileType = text.xcconfig; name = "Pods-kannada.debug.xcconfig"; path = "Target Support Files/Pods-kannada/Pods-kannada.debug.xcconfig"; sourceTree = "<group>"; };
		E0063468244958BE001A728F /* UD.swift */ = {isa = PBXFileReference; lastKnownFileType = sourcecode.swift; path = UD.swift; sourceTree = "<group>"; };
		E006346A24495A66001A728F /* APIManager.swift */ = {isa = PBXFileReference; lastKnownFileType = sourcecode.swift; path = APIManager.swift; sourceTree = "<group>"; };
		E006346C24495AD0001A728F /* APIList.swift */ = {isa = PBXFileReference; lastKnownFileType = sourcecode.swift; path = APIList.swift; sourceTree = "<group>"; };
		E0063476244A4AE6001A728F /* WebKit.framework */ = {isa = PBXFileReference; lastKnownFileType = wrapper.framework; name = WebKit.framework; path = System/Library/Frameworks/WebKit.framework; sourceTree = SDKROOT; };
		E04FD76C2476956500082D0D /* AuthorTableViewCell.swift */ = {isa = PBXFileReference; lastKnownFileType = sourcecode.swift; path = AuthorTableViewCell.swift; sourceTree = "<group>"; };
		E04FD76D2476956500082D0D /* AuthorTableViewCell.xib */ = {isa = PBXFileReference; lastKnownFileType = file.xib; path = AuthorTableViewCell.xib; sourceTree = "<group>"; };
		E04FD7712476C13500082D0D /* TableViewHeaderCell.swift */ = {isa = PBXFileReference; lastKnownFileType = sourcecode.swift; path = TableViewHeaderCell.swift; sourceTree = "<group>"; };
		E04FD7722476C13500082D0D /* TableViewHeaderCell.xib */ = {isa = PBXFileReference; lastKnownFileType = file.xib; path = TableViewHeaderCell.xib; sourceTree = "<group>"; };
		E04FD77E247786EC00082D0D /* Authors.swift */ = {isa = PBXFileReference; fileEncoding = 4; lastKnownFileType = sourcecode.swift; path = Authors.swift; sourceTree = "<group>"; };
		E04FD77F247786EC00082D0D /* Catlist.swift */ = {isa = PBXFileReference; fileEncoding = 4; lastKnownFileType = sourcecode.swift; path = Catlist.swift; sourceTree = "<group>"; };
		E04FD780247786EC00082D0D /* Books.swift */ = {isa = PBXFileReference; fileEncoding = 4; lastKnownFileType = sourcecode.swift; path = Books.swift; sourceTree = "<group>"; };
		E04FD781247786EC00082D0D /* Bookcatalogue.swift */ = {isa = PBXFileReference; fileEncoding = 4; lastKnownFileType = sourcecode.swift; path = Bookcatalogue.swift; sourceTree = "<group>"; };
		E0513A06245065DB00F07E4F /* kannadabooks.entitlements */ = {isa = PBXFileReference; lastKnownFileType = text.plist.entitlements; path = kannadabooks.entitlements; sourceTree = "<group>"; };
		E0513A07245065E200F07E4F /* kannadabooksRelease.entitlements */ = {isa = PBXFileReference; lastKnownFileType = text.plist.entitlements; path = kannadabooksRelease.entitlements; sourceTree = "<group>"; };
		E054853C244B07F70065532E /* HistoryCell.swift */ = {isa = PBXFileReference; lastKnownFileType = sourcecode.swift; path = HistoryCell.swift; sourceTree = "<group>"; };
		E054853D244B07F70065532E /* HistoryCell.xib */ = {isa = PBXFileReference; lastKnownFileType = file.xib; path = HistoryCell.xib; sourceTree = "<group>"; };
		E0548540244B39260065532E /* Other.swift */ = {isa = PBXFileReference; fileEncoding = 4; lastKnownFileType = sourcecode.swift; path = Other.swift; sourceTree = "<group>"; };
		E0548542244B46BE0065532E /* MoreDetailsView.swift */ = {isa = PBXFileReference; lastKnownFileType = sourcecode.swift; path = MoreDetailsView.swift; sourceTree = "<group>"; };
		E07CAF08246434AF00FAC819 /* AudioBook.swift */ = {isa = PBXFileReference; fileEncoding = 4; lastKnownFileType = sourcecode.swift; path = AudioBook.swift; sourceTree = "<group>"; };
		E08854BD24545FAE00C78C75 /* StoreKit.framework */ = {isa = PBXFileReference; lastKnownFileType = wrapper.framework; name = StoreKit.framework; path = System/Library/Frameworks/StoreKit.framework; sourceTree = SDKROOT; };
		E08854BF2455748600C78C75 /* NewFeedsViewController.swift */ = {isa = PBXFileReference; lastKnownFileType = sourcecode.swift; path = NewFeedsViewController.swift; sourceTree = "<group>"; };
		E08854C12455793100C78C75 /* SlideMenuController.swift */ = {isa = PBXFileReference; fileEncoding = 4; lastKnownFileType = sourcecode.swift; path = SlideMenuController.swift; sourceTree = "<group>"; };
		E08854C32455A5FA00C78C75 /* FeedNewsCell.swift */ = {isa = PBXFileReference; lastKnownFileType = sourcecode.swift; path = FeedNewsCell.swift; sourceTree = "<group>"; };
		E08854C42455A5FA00C78C75 /* FeedNewsCell.xib */ = {isa = PBXFileReference; lastKnownFileType = file.xib; path = FeedNewsCell.xib; sourceTree = "<group>"; };
		E08854C92456DF9900C78C75 /* FeedModelViewController.swift */ = {isa = PBXFileReference; lastKnownFileType = sourcecode.swift; path = FeedModelViewController.swift; sourceTree = "<group>"; };
		E08854CB245D969700C78C75 /* BookListViewController.swift */ = {isa = PBXFileReference; lastKnownFileType = sourcecode.swift; path = BookListViewController.swift; sourceTree = "<group>"; };
		E08854CF245D982600C78C75 /* BookListCell.swift */ = {isa = PBXFileReference; lastKnownFileType = sourcecode.swift; path = BookListCell.swift; sourceTree = "<group>"; };
		E08854D0245D982600C78C75 /* BookListCell.xib */ = {isa = PBXFileReference; lastKnownFileType = file.xib; path = BookListCell.xib; sourceTree = "<group>"; };
		E09247B5244DCE16009DE3F2 /* AirshipConfig.plist */ = {isa = PBXFileReference; fileEncoding = 4; lastKnownFileType = text.plist.xml; path = AirshipConfig.plist; sourceTree = "<group>"; };
		E0A77C5E2460130B00787231 /* AudioBookViewController.swift */ = {isa = PBXFileReference; lastKnownFileType = sourcecode.swift; path = AudioBookViewController.swift; sourceTree = "<group>"; };
		E0B0B1CF2445CCB300FF986B /* AppDelegate.swift */ = {isa = PBXFileReference; lastKnownFileType = sourcecode.swift; path = AppDelegate.swift; sourceTree = "<group>"; };
		E0B0B1D12445CCB300FF986B /* SceneDelegate.swift */ = {isa = PBXFileReference; lastKnownFileType = sourcecode.swift; path = SceneDelegate.swift; sourceTree = "<group>"; };
		E0B0B1D62445CCB300FF986B /* Base */ = {isa = PBXFileReference; lastKnownFileType = file.storyboard; name = Base; path = Base.lproj/Main.storyboard; sourceTree = "<group>"; };
		E0B0B1D82445CCB300FF986B /* Assets.xcassets */ = {isa = PBXFileReference; lastKnownFileType = folder.assetcatalog; path = Assets.xcassets; sourceTree = "<group>"; };
		E0B0B1DB2445CCB300FF986B /* Base */ = {isa = PBXFileReference; lastKnownFileType = file.storyboard; name = Base; path = Base.lproj/LaunchScreen.storyboard; sourceTree = "<group>"; };
		E0B0B1DD2445CCB400FF986B /* Info.plist */ = {isa = PBXFileReference; lastKnownFileType = text.plist.xml; path = Info.plist; sourceTree = "<group>"; };
		E0B0B1E42445CF3700FF986B /* DashBoard.swift */ = {isa = PBXFileReference; lastKnownFileType = sourcecode.swift; path = DashBoard.swift; sourceTree = "<group>"; };
		E0B0B1E62445D07400FF986B /* OtherListViewController.swift */ = {isa = PBXFileReference; lastKnownFileType = sourcecode.swift; path = OtherListViewController.swift; sourceTree = "<group>"; };
		E0B0B1F32445EC5B00FF986B /* BookReader.swift */ = {isa = PBXFileReference; lastKnownFileType = sourcecode.swift; path = BookReader.swift; sourceTree = "<group>"; };
		E0B0B1F62448699100FF986B /* extens.swift */ = {isa = PBXFileReference; lastKnownFileType = sourcecode.swift; path = extens.swift; sourceTree = "<group>"; };
		E0B0B1FC2448841B00FF986B /* AuthorCell.swift */ = {isa = PBXFileReference; lastKnownFileType = sourcecode.swift; path = AuthorCell.swift; sourceTree = "<group>"; };
		E0B0B1FD2448841B00FF986B /* AuthorCell.xib */ = {isa = PBXFileReference; lastKnownFileType = file.xib; path = AuthorCell.xib; sourceTree = "<group>"; };
		E0B0B2022448865200FF986B /* AuthorView.swift */ = {isa = PBXFileReference; lastKnownFileType = sourcecode.swift; path = AuthorView.swift; sourceTree = "<group>"; };
		E0D35F4124670E5500DB0738 /* ಪುಸ್ತಕಗಳು.app */ = {isa = PBXFileReference; explicitFileType = wrapper.application; includeInIndex = 0; path = "ಪುಸ್ತಕಗಳು.app"; sourceTree = BUILT_PRODUCTS_DIR; };
		E0E92A1D247BBCB800F633A0 /* ManuIteams.swift */ = {isa = PBXFileReference; fileEncoding = 4; lastKnownFileType = sourcecode.swift; path = ManuIteams.swift; sourceTree = "<group>"; };
		E0E92A1E247BBCB800F633A0 /* Menulist.swift */ = {isa = PBXFileReference; fileEncoding = 4; lastKnownFileType = sourcecode.swift; path = Menulist.swift; sourceTree = "<group>"; };
		E0E92A1F247BBCB800F633A0 /* MenuBase.swift */ = {isa = PBXFileReference; fileEncoding = 4; lastKnownFileType = sourcecode.swift; path = MenuBase.swift; sourceTree = "<group>"; };
		E0E92A23247D890400F633A0 /* AboutUsViewController.swift */ = {isa = PBXFileReference; lastKnownFileType = sourcecode.swift; path = AboutUsViewController.swift; sourceTree = "<group>"; };
		E0F1F70924542ABB00551BD4 /* MenuViewController.swift */ = {isa = PBXFileReference; lastKnownFileType = sourcecode.swift; path = MenuViewController.swift; sourceTree = "<group>"; };
		E0F1F70D2454527000551BD4 /* CommonCell.swift */ = {isa = PBXFileReference; lastKnownFileType = sourcecode.swift; path = CommonCell.swift; sourceTree = "<group>"; };
		E0F1F70E2454527000551BD4 /* CommonCell.xib */ = {isa = PBXFileReference; lastKnownFileType = file.xib; path = CommonCell.xib; sourceTree = "<group>"; };
		E0F6282B2461768D00DDA808 /* AudioBookCell.swift */ = {isa = PBXFileReference; lastKnownFileType = sourcecode.swift; path = AudioBookCell.swift; sourceTree = "<group>"; };
		E0F6282C2461768D00DDA808 /* AudioBookCell.xib */ = {isa = PBXFileReference; lastKnownFileType = file.xib; path = AudioBookCell.xib; sourceTree = "<group>"; };
/* End PBXFileReference section */

/* Begin PBXFrameworksBuildPhase section */
		E0B0B1C92445CCB300FF986B /* Frameworks */ = {
			isa = PBXFrameworksBuildPhase;
			buildActionMask = 2147483647;
			files = (
				E08854BE24545FAE00C78C75 /* StoreKit.framework in Frameworks */,
				E0063477244A4AE6001A728F /* WebKit.framework in Frameworks */,
				5E7E92983C0E7B943C4337A0 /* Pods_kannada.framework in Frameworks */,
			);
			runOnlyForDeploymentPostprocessing = 0;
		};
/* End PBXFrameworksBuildPhase section */

/* Begin PBXGroup section */
		41BA170AA39F5D6DDA3766EB /* Pods */ = {
			isa = PBXGroup;
			children = (
				DCAF85893BC8CE7FE3FA5590 /* Pods-kannada.debug.xcconfig */,
				371B51C06F364FC4EB9D977C /* Pods-kannada.release.xcconfig */,
			);
			path = Pods;
			sourceTree = "<group>";
		};
		CFF5563CC4173A09BF46B73C /* Frameworks */ = {
			isa = PBXGroup;
			children = (
				E08854BD24545FAE00C78C75 /* StoreKit.framework */,
				E0063476244A4AE6001A728F /* WebKit.framework */,
				822DC0901119D8206C1ABA26 /* Pods_kannada.framework */,
			);
			name = Frameworks;
			sourceTree = "<group>";
		};
		E00634702449F2CF001A728F /* Model */ = {
			isa = PBXGroup;
			children = (
				E0E92A16247BBC2300F633A0 /* MenuListModel */,
				E04FD775247784D200082D0D /* BookCatalogue */,
				E00634712449F2DD001A728F /* Author */,
			);
			path = Model;
			sourceTree = "<group>";
		};
		E00634712449F2DD001A728F /* Author */ = {
			isa = PBXGroup;
			children = (
				E07CAF08246434AF00FAC819 /* AudioBook.swift */,
				E0548540244B39260065532E /* Other.swift */,
			);
			path = Author;
			sourceTree = "<group>";
		};
		E04FD7702476C04800082D0D /* CustomView */ = {
			isa = PBXGroup;
			children = (
				E04FD7712476C13500082D0D /* TableViewHeaderCell.swift */,
				E04FD7722476C13500082D0D /* TableViewHeaderCell.xib */,
			);
			path = CustomView;
			sourceTree = "<group>";
		};
		E04FD775247784D200082D0D /* BookCatalogue */ = {
			isa = PBXGroup;
			children = (
				E04FD77E247786EC00082D0D /* Authors.swift */,
				E04FD780247786EC00082D0D /* Books.swift */,
				E04FD77F247786EC00082D0D /* Catlist.swift */,
				E04FD781247786EC00082D0D /* Bookcatalogue.swift */,
			);
			path = BookCatalogue;
			sourceTree = "<group>";
		};
		E0B0B1C32445CCB300FF986B = {
			isa = PBXGroup;
			children = (
				E0B0B1CE2445CCB300FF986B /* kannada */,
				41BA170AA39F5D6DDA3766EB /* Pods */,
				CFF5563CC4173A09BF46B73C /* Frameworks */,
				E0D35F4124670E5500DB0738 /* ಪುಸ್ತಕಗಳು.app */,
			);
			sourceTree = "<group>";
		};
		E0B0B1CE2445CCB300FF986B /* kannada */ = {
			isa = PBXGroup;
			children = (
				E04FD7702476C04800082D0D /* CustomView */,
				E00634702449F2CF001A728F /* Model */,
				E0B0B1F52448695600FF986B /* Common */,
				E0B0B1E82445D30B00FF986B /* UICells */,
				E0B0B1E32445CF2500FF986B /* UIViewController */,
				E0B0B1CF2445CCB300FF986B /* AppDelegate.swift */,
				E0B0B1D12445CCB300FF986B /* SceneDelegate.swift */,
				E0B0B1D52445CCB300FF986B /* Main.storyboard */,
				E0B0B1DA2445CCB300FF986B /* LaunchScreen.storyboard */,
				E0B0B1D82445CCB300FF986B /* Assets.xcassets */,
				E09247B5244DCE16009DE3F2 /* AirshipConfig.plist */,
				E0513A06245065DB00F07E4F /* kannadabooks.entitlements */,
				E0513A07245065E200F07E4F /* kannadabooksRelease.entitlements */,
				E0B0B1DD2445CCB400FF986B /* Info.plist */,
			);
			path = kannada;
			sourceTree = "<group>";
		};
		E0B0B1E32445CF2500FF986B /* UIViewController */ = {
			isa = PBXGroup;
			children = (
				E0B0B1E42445CF3700FF986B /* DashBoard.swift */,
				E0B0B2022448865200FF986B /* AuthorView.swift */,
				E0B0B1E62445D07400FF986B /* OtherListViewController.swift */,
				E0548542244B46BE0065532E /* MoreDetailsView.swift */,
				E0F1F70924542ABB00551BD4 /* MenuViewController.swift */,
				E08854BF2455748600C78C75 /* NewFeedsViewController.swift */,
				E08854C92456DF9900C78C75 /* FeedModelViewController.swift */,
				E08854CB245D969700C78C75 /* BookListViewController.swift */,
				E0B0B1F32445EC5B00FF986B /* BookReader.swift */,
				E0A77C5E2460130B00787231 /* AudioBookViewController.swift */,
				E0E92A23247D890400F633A0 /* AboutUsViewController.swift */,
			);
			path = UIViewController;
			sourceTree = "<group>";
		};
		E0B0B1E82445D30B00FF986B /* UICells */ = {
			isa = PBXGroup;
			children = (
				E0B0B1FC2448841B00FF986B /* AuthorCell.swift */,
				E0B0B1FD2448841B00FF986B /* AuthorCell.xib */,
				E054853C244B07F70065532E /* HistoryCell.swift */,
				E054853D244B07F70065532E /* HistoryCell.xib */,
				E0F1F70D2454527000551BD4 /* CommonCell.swift */,
				E0F1F70E2454527000551BD4 /* CommonCell.xib */,
				E08854C32455A5FA00C78C75 /* FeedNewsCell.swift */,
				E08854C42455A5FA00C78C75 /* FeedNewsCell.xib */,
				E08854CF245D982600C78C75 /* BookListCell.swift */,
				E08854D0245D982600C78C75 /* BookListCell.xib */,
				E0F6282B2461768D00DDA808 /* AudioBookCell.swift */,
				E0F6282C2461768D00DDA808 /* AudioBookCell.xib */,
				E04FD76C2476956500082D0D /* AuthorTableViewCell.swift */,
				E04FD76D2476956500082D0D /* AuthorTableViewCell.xib */,
			);
			path = UICells;
			sourceTree = "<group>";
		};
		E0B0B1F52448695600FF986B /* Common */ = {
			isa = PBXGroup;
			children = (
				E08854C12455793100C78C75 /* SlideMenuController.swift */,
				E006346A24495A66001A728F /* APIManager.swift */,
				E006346C24495AD0001A728F /* APIList.swift */,
				E0B0B1F62448699100FF986B /* extens.swift */,
				E0063468244958BE001A728F /* UD.swift */,
			);
			path = Common;
			sourceTree = "<group>";
		};
		E0E92A16247BBC2300F633A0 /* MenuListModel */ = {
			isa = PBXGroup;
			children = (
				E0E92A1F247BBCB800F633A0 /* MenuBase.swift */,
				E0E92A1E247BBCB800F633A0 /* Menulist.swift */,
				E0E92A1D247BBCB800F633A0 /* ManuIteams.swift */,
			);
			path = MenuListModel;
			sourceTree = "<group>";
		};
/* End PBXGroup section */

/* Begin PBXNativeTarget section */
		E0B0B1CB2445CCB300FF986B /* kannada */ = {
			isa = PBXNativeTarget;
			buildConfigurationList = E0B0B1E02445CCB400FF986B /* Build configuration list for PBXNativeTarget "kannada" */;
			buildPhases = (
				49EAB87EB007169040320EF7 /* [CP] Check Pods Manifest.lock */,
				E0B0B1C82445CCB300FF986B /* Sources */,
				E0B0B1C92445CCB300FF986B /* Frameworks */,
				E0B0B1CA2445CCB300FF986B /* Resources */,
				16A89D17AB99B15807201D1A /* [CP] Embed Pods Frameworks */,
			);
			buildRules = (
			);
			dependencies = (
			);
			name = kannada;
			productName = kannada;
			productReference = E0D35F4124670E5500DB0738 /* ಪುಸ್ತಕಗಳು.app */;
			productType = "com.apple.product-type.application";
		};
/* End PBXNativeTarget section */

/* Begin PBXProject section */
		E0B0B1C42445CCB300FF986B /* Project object */ = {
			isa = PBXProject;
			attributes = {
				LastSwiftUpdateCheck = 1140;
				LastUpgradeCheck = 1140;
				ORGANIZATIONNAME = books;
				TargetAttributes = {
					E0B0B1CB2445CCB300FF986B = {
						CreatedOnToolsVersion = 11.4;
					};
				};
			};
			buildConfigurationList = E0B0B1C72445CCB300FF986B /* Build configuration list for PBXProject "kannada" */;
			compatibilityVersion = "Xcode 9.3";
			developmentRegion = en;
			hasScannedForEncodings = 0;
			knownRegions = (
				en,
				Base,
			);
			mainGroup = E0B0B1C32445CCB300FF986B;
			productRefGroup = E0B0B1C32445CCB300FF986B;
			projectDirPath = "";
			projectRoot = "";
			targets = (
				E0B0B1CB2445CCB300FF986B /* kannada */,
			);
		};
/* End PBXProject section */

/* Begin PBXResourcesBuildPhase section */
		E0B0B1CA2445CCB300FF986B /* Resources */ = {
			isa = PBXResourcesBuildPhase;
			buildActionMask = 2147483647;
			files = (
				E0F1F7102454527000551BD4 /* CommonCell.xib in Resources */,
				E04FD76F2476956500082D0D /* AuthorTableViewCell.xib in Resources */,
				E08854C62455A5FA00C78C75 /* FeedNewsCell.xib in Resources */,
				E08854D2245D982600C78C75 /* BookListCell.xib in Resources */,
				E09247B6244DCE17009DE3F2 /* AirshipConfig.plist in Resources */,
				E0B0B1DC2445CCB400FF986B /* LaunchScreen.storyboard in Resources */,
				E0B0B1D92445CCB300FF986B /* Assets.xcassets in Resources */,
				E0B0B1FF2448841B00FF986B /* AuthorCell.xib in Resources */,
				E04FD7742476C13500082D0D /* TableViewHeaderCell.xib in Resources */,
				E0F6282E2461768D00DDA808 /* AudioBookCell.xib in Resources */,
				E054853F244B07F70065532E /* HistoryCell.xib in Resources */,
				E0B0B1D72445CCB300FF986B /* Main.storyboard in Resources */,
			);
			runOnlyForDeploymentPostprocessing = 0;
		};
/* End PBXResourcesBuildPhase section */

/* Begin PBXShellScriptBuildPhase section */
		16A89D17AB99B15807201D1A /* [CP] Embed Pods Frameworks */ = {
			isa = PBXShellScriptBuildPhase;
			buildActionMask = 2147483647;
			files = (
			);
			inputFileListPaths = (
				"${PODS_ROOT}/Target Support Files/Pods-kannada/Pods-kannada-frameworks-${CONFIGURATION}-input-files.xcfilelist",
			);
			name = "[CP] Embed Pods Frameworks";
			outputFileListPaths = (
				"${PODS_ROOT}/Target Support Files/Pods-kannada/Pods-kannada-frameworks-${CONFIGURATION}-output-files.xcfilelist",
			);
			runOnlyForDeploymentPostprocessing = 0;
			shellPath = /bin/sh;
			shellScript = "\"${PODS_ROOT}/Target Support Files/Pods-kannada/Pods-kannada-frameworks.sh\"\n";
			showEnvVarsInLog = 0;
		};
		49EAB87EB007169040320EF7 /* [CP] Check Pods Manifest.lock */ = {
			isa = PBXShellScriptBuildPhase;
			buildActionMask = 2147483647;
			files = (
			);
			inputFileListPaths = (
			);
			inputPaths = (
				"${PODS_PODFILE_DIR_PATH}/Podfile.lock",
				"${PODS_ROOT}/Manifest.lock",
			);
			name = "[CP] Check Pods Manifest.lock";
			outputFileListPaths = (
			);
			outputPaths = (
				"$(DERIVED_FILE_DIR)/Pods-kannada-checkManifestLockResult.txt",
			);
			runOnlyForDeploymentPostprocessing = 0;
			shellPath = /bin/sh;
			shellScript = "diff \"${PODS_PODFILE_DIR_PATH}/Podfile.lock\" \"${PODS_ROOT}/Manifest.lock\" > /dev/null\nif [ $? != 0 ] ; then\n    # print error to STDERR\n    echo \"error: The sandbox is not in sync with the Podfile.lock. Run 'pod install' or update your CocoaPods installation.\" >&2\n    exit 1\nfi\n# This output is used by Xcode 'outputs' to avoid re-running this script phase.\necho \"SUCCESS\" > \"${SCRIPT_OUTPUT_FILE_0}\"\n";
			showEnvVarsInLog = 0;
		};
/* End PBXShellScriptBuildPhase section */

/* Begin PBXSourcesBuildPhase section */
		E0B0B1C82445CCB300FF986B /* Sources */ = {
			isa = PBXSourcesBuildPhase;
			buildActionMask = 2147483647;
			files = (
				E006346B24495A66001A728F /* APIManager.swift in Sources */,
				E08854CC245D969700C78C75 /* BookListViewController.swift in Sources */,
				E04FD784247786EC00082D0D /* Books.swift in Sources */,
				E0F1F70F2454527000551BD4 /* CommonCell.swift in Sources */,
				E0B0B1E72445D07400FF986B /* OtherListViewController.swift in Sources */,
				E08854C22455793100C78C75 /* SlideMenuController.swift in Sources */,
				E0B0B1F72448699100FF986B /* extens.swift in Sources */,
				E07CAF09246434AF00FAC819 /* AudioBook.swift in Sources */,
				E0B0B1E52445CF3700FF986B /* DashBoard.swift in Sources */,
				E0E92A20247BBCB800F633A0 /* ManuIteams.swift in Sources */,
				E0B0B1FE2448841B00FF986B /* AuthorCell.swift in Sources */,
				E0548541244B39260065532E /* Other.swift in Sources */,
				E054853E244B07F70065532E /* HistoryCell.swift in Sources */,
				E0A77C5F2460130B00787231 /* AudioBookViewController.swift in Sources */,
				E04FD7732476C13500082D0D /* TableViewHeaderCell.swift in Sources */,
				E08854D1245D982600C78C75 /* BookListCell.swift in Sources */,
				E0E92A21247BBCB800F633A0 /* Menulist.swift in Sources */,
				E08854C02455748600C78C75 /* NewFeedsViewController.swift in Sources */,
				E0B0B1D02445CCB300FF986B /* AppDelegate.swift in Sources */,
				E0F1F70A24542ABB00551BD4 /* MenuViewController.swift in Sources */,
				E04FD782247786EC00082D0D /* Authors.swift in Sources */,
				E0548543244B46BE0065532E /* MoreDetailsView.swift in Sources */,
				E0B0B2032448865200FF986B /* AuthorView.swift in Sources */,
				E04FD76E2476956500082D0D /* AuthorTableViewCell.swift in Sources */,
				E0B0B1F42445EC5B00FF986B /* BookReader.swift in Sources */,
				E0E92A24247D890400F633A0 /* AboutUsViewController.swift in Sources */,
				E0F6282D2461768D00DDA808 /* AudioBookCell.swift in Sources */,
				E08854CA2456DF9900C78C75 /* FeedModelViewController.swift in Sources */,
				E0B0B1D22445CCB300FF986B /* SceneDelegate.swift in Sources */,
				E0E92A22247BBCB800F633A0 /* MenuBase.swift in Sources */,
				E04FD785247786EC00082D0D /* Bookcatalogue.swift in Sources */,
				E04FD783247786EC00082D0D /* Catlist.swift in Sources */,
				E0063469244958BE001A728F /* UD.swift in Sources */,
				E006346D24495AD0001A728F /* APIList.swift in Sources */,
				E08854C52455A5FA00C78C75 /* FeedNewsCell.swift in Sources */,
			);
			runOnlyForDeploymentPostprocessing = 0;
		};
/* End PBXSourcesBuildPhase section */

/* Begin PBXVariantGroup section */
		E0B0B1D52445CCB300FF986B /* Main.storyboard */ = {
			isa = PBXVariantGroup;
			children = (
				E0B0B1D62445CCB300FF986B /* Base */,
			);
			name = Main.storyboard;
			sourceTree = "<group>";
		};
		E0B0B1DA2445CCB300FF986B /* LaunchScreen.storyboard */ = {
			isa = PBXVariantGroup;
			children = (
				E0B0B1DB2445CCB300FF986B /* Base */,
			);
			name = LaunchScreen.storyboard;
			sourceTree = "<group>";
		};
/* End PBXVariantGroup section */

/* Begin XCBuildConfiguration section */
		E0B0B1DE2445CCB400FF986B /* Debug */ = {
			isa = XCBuildConfiguration;
			buildSettings = {
				ALWAYS_SEARCH_USER_PATHS = NO;
				CLANG_ANALYZER_NONNULL = YES;
				CLANG_ANALYZER_NUMBER_OBJECT_CONVERSION = YES_AGGRESSIVE;
				CLANG_CXX_LANGUAGE_STANDARD = "gnu++14";
				CLANG_CXX_LIBRARY = "libc++";
				CLANG_ENABLE_MODULES = YES;
				CLANG_ENABLE_OBJC_ARC = YES;
				CLANG_ENABLE_OBJC_WEAK = YES;
				CLANG_WARN_BLOCK_CAPTURE_AUTORELEASING = YES;
				CLANG_WARN_BOOL_CONVERSION = YES;
				CLANG_WARN_COMMA = YES;
				CLANG_WARN_CONSTANT_CONVERSION = YES;
				CLANG_WARN_DEPRECATED_OBJC_IMPLEMENTATIONS = YES;
				CLANG_WARN_DIRECT_OBJC_ISA_USAGE = YES_ERROR;
				CLANG_WARN_DOCUMENTATION_COMMENTS = YES;
				CLANG_WARN_EMPTY_BODY = YES;
				CLANG_WARN_ENUM_CONVERSION = YES;
				CLANG_WARN_INFINITE_RECURSION = YES;
				CLANG_WARN_INT_CONVERSION = YES;
				CLANG_WARN_NON_LITERAL_NULL_CONVERSION = YES;
				CLANG_WARN_OBJC_IMPLICIT_RETAIN_SELF = YES;
				CLANG_WARN_OBJC_LITERAL_CONVERSION = YES;
				CLANG_WARN_OBJC_ROOT_CLASS = YES_ERROR;
				CLANG_WARN_RANGE_LOOP_ANALYSIS = YES;
				CLANG_WARN_STRICT_PROTOTYPES = YES;
				CLANG_WARN_SUSPICIOUS_MOVE = YES;
				CLANG_WARN_UNGUARDED_AVAILABILITY = YES_AGGRESSIVE;
				CLANG_WARN_UNREACHABLE_CODE = YES;
				CLANG_WARN__DUPLICATE_METHOD_MATCH = YES;
				COPY_PHASE_STRIP = NO;
				DEBUG_INFORMATION_FORMAT = dwarf;
				ENABLE_STRICT_OBJC_MSGSEND = YES;
				ENABLE_TESTABILITY = YES;
				GCC_C_LANGUAGE_STANDARD = gnu11;
				GCC_DYNAMIC_NO_PIC = NO;
				GCC_NO_COMMON_BLOCKS = YES;
				GCC_OPTIMIZATION_LEVEL = 0;
				GCC_PREPROCESSOR_DEFINITIONS = (
					"DEBUG=1",
					"$(inherited)",
				);
				GCC_WARN_64_TO_32_BIT_CONVERSION = YES;
				GCC_WARN_ABOUT_RETURN_TYPE = YES_ERROR;
				GCC_WARN_UNDECLARED_SELECTOR = YES;
				GCC_WARN_UNINITIALIZED_AUTOS = YES_AGGRESSIVE;
				GCC_WARN_UNUSED_FUNCTION = YES;
				GCC_WARN_UNUSED_VARIABLE = YES;
				IPHONEOS_DEPLOYMENT_TARGET = 13.4;
				MTL_ENABLE_DEBUG_INFO = INCLUDE_SOURCE;
				MTL_FAST_MATH = YES;
				ONLY_ACTIVE_ARCH = YES;
				SDKROOT = iphoneos;
				SWIFT_ACTIVE_COMPILATION_CONDITIONS = DEBUG;
				SWIFT_OPTIMIZATION_LEVEL = "-Onone";
			};
			name = Debug;
		};
		E0B0B1DF2445CCB400FF986B /* Release */ = {
			isa = XCBuildConfiguration;
			buildSettings = {
				ALWAYS_SEARCH_USER_PATHS = NO;
				CLANG_ANALYZER_NONNULL = YES;
				CLANG_ANALYZER_NUMBER_OBJECT_CONVERSION = YES_AGGRESSIVE;
				CLANG_CXX_LANGUAGE_STANDARD = "gnu++14";
				CLANG_CXX_LIBRARY = "libc++";
				CLANG_ENABLE_MODULES = YES;
				CLANG_ENABLE_OBJC_ARC = YES;
				CLANG_ENABLE_OBJC_WEAK = YES;
				CLANG_WARN_BLOCK_CAPTURE_AUTORELEASING = YES;
				CLANG_WARN_BOOL_CONVERSION = YES;
				CLANG_WARN_COMMA = YES;
				CLANG_WARN_CONSTANT_CONVERSION = YES;
				CLANG_WARN_DEPRECATED_OBJC_IMPLEMENTATIONS = YES;
				CLANG_WARN_DIRECT_OBJC_ISA_USAGE = YES_ERROR;
				CLANG_WARN_DOCUMENTATION_COMMENTS = YES;
				CLANG_WARN_EMPTY_BODY = YES;
				CLANG_WARN_ENUM_CONVERSION = YES;
				CLANG_WARN_INFINITE_RECURSION = YES;
				CLANG_WARN_INT_CONVERSION = YES;
				CLANG_WARN_NON_LITERAL_NULL_CONVERSION = YES;
				CLANG_WARN_OBJC_IMPLICIT_RETAIN_SELF = YES;
				CLANG_WARN_OBJC_LITERAL_CONVERSION = YES;
				CLANG_WARN_OBJC_ROOT_CLASS = YES_ERROR;
				CLANG_WARN_RANGE_LOOP_ANALYSIS = YES;
				CLANG_WARN_STRICT_PROTOTYPES = YES;
				CLANG_WARN_SUSPICIOUS_MOVE = YES;
				CLANG_WARN_UNGUARDED_AVAILABILITY = YES_AGGRESSIVE;
				CLANG_WARN_UNREACHABLE_CODE = YES;
				CLANG_WARN__DUPLICATE_METHOD_MATCH = YES;
				COPY_PHASE_STRIP = NO;
				DEBUG_INFORMATION_FORMAT = "dwarf-with-dsym";
				ENABLE_NS_ASSERTIONS = NO;
				ENABLE_STRICT_OBJC_MSGSEND = YES;
				GCC_C_LANGUAGE_STANDARD = gnu11;
				GCC_NO_COMMON_BLOCKS = YES;
				GCC_WARN_64_TO_32_BIT_CONVERSION = YES;
				GCC_WARN_ABOUT_RETURN_TYPE = YES_ERROR;
				GCC_WARN_UNDECLARED_SELECTOR = YES;
				GCC_WARN_UNINITIALIZED_AUTOS = YES_AGGRESSIVE;
				GCC_WARN_UNUSED_FUNCTION = YES;
				GCC_WARN_UNUSED_VARIABLE = YES;
				IPHONEOS_DEPLOYMENT_TARGET = 13.4;
				MTL_ENABLE_DEBUG_INFO = NO;
				MTL_FAST_MATH = YES;
				SDKROOT = iphoneos;
				SWIFT_COMPILATION_MODE = wholemodule;
				SWIFT_OPTIMIZATION_LEVEL = "-O";
				VALIDATE_PRODUCT = YES;
			};
			name = Release;
		};
		E0B0B1E12445CCB400FF986B /* Debug */ = {
			isa = XCBuildConfiguration;
			baseConfigurationReference = DCAF85893BC8CE7FE3FA5590 /* Pods-kannada.debug.xcconfig */;
			buildSettings = {
				ASSETCATALOG_COMPILER_APPICON_NAME = AppIcon;
				CODE_SIGN_ENTITLEMENTS = kannada/kannadabooks.entitlements;
				CODE_SIGN_IDENTITY = "Apple Development";
				CODE_SIGN_STYLE = Automatic;
				CURRENT_PROJECT_VERSION = 1;
				DEVELOPMENT_TEAM = XAUQE25KE4;
				INFOPLIST_FILE = kannada/Info.plist;
				IPHONEOS_DEPLOYMENT_TARGET = 13.0;
				LD_RUNPATH_SEARCH_PATHS = (
					"$(inherited)",
					"@executable_path/Frameworks",
				);
				MARKETING_VERSION = 1.4.0;
				OTHER_LIBTOOLFLAGS = "-ObjC";
				PRODUCT_BUNDLE_IDENTIFIER = com.books.kannadabooks;
				PRODUCT_NAME = "ಪುಸ್ತಕಗಳು";
				PROVISIONING_PROFILE_SPECIFIER = "";
				SWIFT_VERSION = 5.0;
				TARGETED_DEVICE_FAMILY = 1;
			};
			name = Debug;
		};
		E0B0B1E22445CCB400FF986B /* Release */ = {
			isa = XCBuildConfiguration;
			baseConfigurationReference = 371B51C06F364FC4EB9D977C /* Pods-kannada.release.xcconfig */;
			buildSettings = {
				ASSETCATALOG_COMPILER_APPICON_NAME = AppIcon;
				CODE_SIGN_ENTITLEMENTS = kannada/kannadabooksRelease.entitlements;
				CODE_SIGN_IDENTITY = "Apple Development";
				CODE_SIGN_STYLE = Automatic;
				CURRENT_PROJECT_VERSION = 1;
				DEVELOPMENT_TEAM = XAUQE25KE4;
				INFOPLIST_FILE = kannada/Info.plist;
				IPHONEOS_DEPLOYMENT_TARGET = 13.0;
				LD_RUNPATH_SEARCH_PATHS = (
					"$(inherited)",
					"@executable_path/Frameworks",
				);
				MARKETING_VERSION = 1.4.0;
				OTHER_LIBTOOLFLAGS = "-ObjC";
				PRODUCT_BUNDLE_IDENTIFIER = com.books.kannadabooks;
				PRODUCT_NAME = "ಪುಸ್ತಕಗಳು";
				PROVISIONING_PROFILE_SPECIFIER = "";
				SWIFT_VERSION = 5.0;
				TARGETED_DEVICE_FAMILY = 1;
			};
			name = Release;
		};
/* End XCBuildConfiguration section */

/* Begin XCConfigurationList section */
		E0B0B1C72445CCB300FF986B /* Build configuration list for PBXProject "kannada" */ = {
			isa = XCConfigurationList;
			buildConfigurations = (
				E0B0B1DE2445CCB400FF986B /* Debug */,
				E0B0B1DF2445CCB400FF986B /* Release */,
			);
			defaultConfigurationIsVisible = 0;
			defaultConfigurationName = Release;
		};
		E0B0B1E02445CCB400FF986B /* Build configuration list for PBXNativeTarget "kannada" */ = {
			isa = XCConfigurationList;
			buildConfigurations = (
				E0B0B1E12445CCB400FF986B /* Debug */,
				E0B0B1E22445CCB400FF986B /* Release */,
			);
			defaultConfigurationIsVisible = 0;
			defaultConfigurationName = Release;
		};
/* End XCConfigurationList section */
	};
	rootObject = E0B0B1C42445CCB300FF986B /* Project object */;
}
