PODS:
  - Airship (13.1.1):
    - Airship/Automation (= 13.1.1)
    - Airship/Core (= 13.1.1)
    - Airship/ExtendedActions (= 13.1.1)
    - Airship/MessageCenter (= 13.1.1)
  - Airship/Automation (13.1.1):
    - Airship/Core
  - Airship/Core (13.1.1)
  - Airship/ExtendedActions (13.1.1):
    - Airship/Core
  - Airship/MessageCenter (13.1.1):
    - Airship/Core
  - Alamofire (5.1.0)
  - CarbonKit (2.3.1)
  - Google-Mobile-Ads-SDK (7.58.0):
    - GoogleAppMeasurement (~> 6.0)
  - GoogleAppMeasurement (6.4.1):
    - GoogleUtilities/AppDelegateSwizzler (~> 6.0)
    - GoogleUtilities/MethodSwizzler (~> 6.0)
    - GoogleUtilities/Network (~> 6.0)
    - "GoogleUtilities/NSData+zlib (~> 6.0)"
    - nanopb (= 0.3.9011)
  - GoogleUtilities/AppDelegateSwizzler (6.5.2):
    - GoogleUtilities/Environment
    - GoogleUtilities/Logger
    - GoogleUtilities/Network
  - GoogleUtilities/Environment (6.5.2)
  - GoogleUtilities/Logger (6.5.2):
    - GoogleUtilities/Environment
  - GoogleUtilities/MethodSwizzler (6.5.2):
    - GoogleUtilities/Logger
  - GoogleUtilities/Network (6.5.2):
    - GoogleUtilities/Logger
    - "GoogleUtilities/NSData+zlib"
    - GoogleUtilities/Reachability
  - "GoogleUtilities/NSData+zlib (6.5.2)"
  - GoogleUtilities/Reachability (6.5.2):
    - GoogleUtilities/Logger
  - IQKeyboardManagerSwift (6.5.5)
  - nanopb (0.3.9011):
    - nanopb/decode (= 0.3.9011)
    - nanopb/encode (= 0.3.9011)
  - nanopb/decode (0.3.9011)
  - nanopb/encode (0.3.9011)
  - SDWebImage (5.7.2):
    - SDWebImage/Core (= 5.7.2)
  - SDWebImage/Core (5.7.2)
  - SVProgressHUD (2.2.5)

DEPENDENCIES:
  - Airship
  - Alamofire
  - CarbonKit
  - Google-Mobile-Ads-SDK
  - IQKeyboardManagerSwift
  - SDWebImage
  - SVProgressHUD

SPEC REPOS:
  trunk:
    - Airship
    - Alamofire
    - CarbonKit
    - Google-Mobile-Ads-SDK
    - GoogleAppMeasurement
    - GoogleUtilities
    - IQKeyboardManagerSwift
    - nanopb
    - SDWebImage
    - SVProgressHUD

SPEC CHECKSUMS:
  Airship: ad7caf4cd8a419977f3975502308dae5561f7a03
  Alamofire: 9d5c5f602928e512395b30950c5984eca840093c
  CarbonKit: b60e24dbdb47179990d5e074efa87ab819c8de98
  Google-Mobile-Ads-SDK: 7052557293c75c676db55feb707ace9b790f32c1
  GoogleAppMeasurement: e49be3954045b17d046f271b9cc1ec052bad9702
  GoogleUtilities: ad0f3b691c67909d03a3327cc205222ab8f42e0e
  IQKeyboardManagerSwift: 0fb93310284665245591f50f7a5e38de615960b7
  nanopb: 18003b5e52dab79db540fe93fe9579f399bd1ccd
  SDWebImage: d9ea4959d99c52276dfada481987018fcaea3d58
  SVProgressHUD: 1428aafac632c1f86f62aa4243ec12008d7a51d6

PODFILE CHECKSUM: 7917bd6b26b94029637427ca677d4c3a94ed11e2

COCOAPODS: 1.9.1
